
Microsoft Visual Studio Solution File, Format Version 12.00
# Visual Studio Version 17
VisualStudioVersion = 17.10.35122.118
MinimumVisualStudioVersion = 10.0.40219.1
Project("{FAE04EC0-301F-11D3-BF4B-00C04F79EFBC}") = "ExceptionHandling", "ExceptionHandling\ExceptionHandling.csproj", "{074D7799-477A-4BA2-B083-A182F8785F27}"
EndProject
Global
	GlobalSection(SolutionConfigurationPlatforms) = preSolution
		Debug|Any CPU = Debug|Any CPU
		Release|Any CPU = Release|Any CPU
	EndGlobalSection
	GlobalSection(ProjectConfigurationPlatforms) = postSolution
		{074D7799-477A-4BA2-B083-A182F8785F27}.Debug|Any CPU.ActiveCfg = Debug|Any CPU
		{074D7799-477A-4BA2-B083-A182F8785F27}.Debug|Any CPU.Build.0 = Debug|Any CPU
		{074D7799-477A-4BA2-B083-A182F8785F27}.Release|Any CPU.ActiveCfg = Release|Any CPU
		{074D7799-477A-4BA2-B083-A182F8785F27}.Release|Any CPU.Build.0 = Release|Any CPU
	EndGlobalSection
	GlobalSection(SolutionProperties) = preSolution
		HideSolutionNode = FALSE
	EndGlobalSection
	GlobalSection(ExtensibilityGlobals) = postSolution
		SolutionGuid = {3581B01C-F831-4669-89C7-8DAAE3D958A7}
	EndGlobalSection
EndGlobal
